{
  "name": "Projeto Spotify",
  "lockfileVersion": 3,
  "requires": true,
  "packages": {
    "": {
      "dependencies": {
        "normalize.css": "^8.0.1"
      },
      "devDependencies": {
        "html5shiv": "^3.7.3"
      }
    },
    "node_modules/html5shiv": {
      "version": "3.7.3",
      "resolved": "https://registry.npmjs.org/html5shiv/-/html5shiv-3.7.3.tgz",
      "integrity": "sha512-SZwGvLGNtgp8GbgFX7oXEp8OR1aBt5LliX6dG0kdD1kl3KhMonN0QcSa/A3TsTgFewaGCbIryQunjayWDXzxmw==",
      "dev": true
    },
    "node_modules/normalize.css": {
      "version": "8.0.1",
      "resolved": "https://registry.npmjs.org/normalize.css/-/normalize.css-8.0.1.tgz",
      "integrity": "sha512-qizSNPO93t1YUuUhP22btGOo3chcvDFqFaj2TRybP0DMxkHOCTYwp3n34fel4a31ORXy4m1Xq0Gyqpb5m33qIg=="
    }
  }
}
